
Microsoft Visual Studio Solution File, Format Version 12.00
# Visual Studio 15
VisualStudioVersion = 15.0.28307.572
MinimumVisualStudioVersion = 10.0.40219.1
Project("{FAE04EC0-301F-11D3-BF4B-00C04F79EFBC}") = "Lab1_a_Client", "Lab1_a_Client\Lab1_a_Client.csproj", "{9FB83A5A-7B87-448F-A0CD-270675E13B6E}"
EndProject
Global
	GlobalSection(SolutionConfigurationPlatforms) = preSolution
		Debug|Any CPU = Debug|Any CPU
		Release|Any CPU = Release|Any CPU
	EndGlobalSection
	GlobalSection(ProjectConfigurationPlatforms) = postSolution
		{9FB83A5A-7B87-448F-A0CD-270675E13B6E}.Debug|Any CPU.ActiveCfg = Debug|Any CPU
		{9FB83A5A-7B87-448F-A0CD-270675E13B6E}.Debug|Any CPU.Build.0 = Debug|Any CPU
		{9FB83A5A-7B87-448F-A0CD-270675E13B6E}.Release|Any CPU.ActiveCfg = Release|Any CPU
		{9FB83A5A-7B87-448F-A0CD-270675E13B6E}.Release|Any CPU.Build.0 = Release|Any CPU
	EndGlobalSection
	GlobalSection(SolutionProperties) = preSolution
		HideSolutionNode = FALSE
	EndGlobalSection
	GlobalSection(ExtensibilityGlobals) = postSolution
		SolutionGuid = {58DC775E-61F8-482B-947E-487E121C35D7}
	EndGlobalSection
EndGlobal
