
Microsoft Visual Studio Solution File, Format Version 12.00
# Visual Studio 15
VisualStudioVersion = 15.0.28307.572
MinimumVisualStudioVersion = 10.0.40219.1
Project("{FAE04EC0-301F-11D3-BF4B-00C04F79EFBC}") = "Lab1_b_Client", "Lab1_b_Client\Lab1_b_Client.csproj", "{AE8EFE1A-6199-43AB-9BF7-91D3E76BCB03}"
EndProject
Global
	GlobalSection(SolutionConfigurationPlatforms) = preSolution
		Debug|Any CPU = Debug|Any CPU
		Release|Any CPU = Release|Any CPU
	EndGlobalSection
	GlobalSection(ProjectConfigurationPlatforms) = postSolution
		{AE8EFE1A-6199-43AB-9BF7-91D3E76BCB03}.Debug|Any CPU.ActiveCfg = Debug|Any CPU
		{AE8EFE1A-6199-43AB-9BF7-91D3E76BCB03}.Debug|Any CPU.Build.0 = Debug|Any CPU
		{AE8EFE1A-6199-43AB-9BF7-91D3E76BCB03}.Release|Any CPU.ActiveCfg = Release|Any CPU
		{AE8EFE1A-6199-43AB-9BF7-91D3E76BCB03}.Release|Any CPU.Build.0 = Release|Any CPU
	EndGlobalSection
	GlobalSection(SolutionProperties) = preSolution
		HideSolutionNode = FALSE
	EndGlobalSection
	GlobalSection(ExtensibilityGlobals) = postSolution
		SolutionGuid = {2B70BDBE-2857-4476-9FBC-79E0F8EA7DB1}
	EndGlobalSection
EndGlobal
