
Microsoft Visual Studio Solution File, Format Version 12.00
Project("{FAE04EC0-301F-11D3-BF4B-00C04F79EFBC}") = "TestServer", "TestServer.csproj", "{BA1BB692-D250-4089-B5BB-FE3A4F3CDEE8}"
EndProject
Global
	GlobalSection(SolutionConfigurationPlatforms) = preSolution
		Debug|Any CPU = Debug|Any CPU
		Release|Any CPU = Release|Any CPU
	EndGlobalSection
	GlobalSection(ProjectConfigurationPlatforms) = postSolution
		{BA1BB692-D250-4089-B5BB-FE3A4F3CDEE8}.Debug|Any CPU.ActiveCfg = Debug|Any CPU
		{BA1BB692-D250-4089-B5BB-FE3A4F3CDEE8}.Debug|Any CPU.Build.0 = Debug|Any CPU
		{BA1BB692-D250-4089-B5BB-FE3A4F3CDEE8}.Release|Any CPU.ActiveCfg = Release|Any CPU
		{BA1BB692-D250-4089-B5BB-FE3A4F3CDEE8}.Release|Any CPU.Build.0 = Release|Any CPU
	EndGlobalSection
EndGlobal
